// !$*UTF8*$!
{ archiveVersion = 1; classes = {}; objectVersion = 56; objects = {
9727B9EED8ACD2EE46E136A0 = { isa = PBXFileReference; lastKnownFileType = sourcecode.swift; path = "ContentView.swift"; sourceTree = "<group>"; };
C0CCDAF105640EFC69D69F1F = { isa = PBXBuildFile; fileRef = 9727B9EED8ACD2EE46E136A0; };
D9050A49F210EE381C91CCFE = { isa = PBXFileReference; lastKnownFileType = sourcecode.swift; path = "Design.swift"; sourceTree = "<group>"; };
0905ED5EC9748C10177138A6 = { isa = PBXBuildFile; fileRef = D9050A49F210EE381C91CCFE; };
6BD37D4C5D77DE3244CFA9C5 = { isa = PBXFileReference; lastKnownFileType = sourcecode.swift; path = "ElevatorsApp.swift"; sourceTree = "<group>"; };
5CB450F172C439B694D9FBC5 = { isa = PBXBuildFile; fileRef = 6BD37D4C5D77DE3244CFA9C5; };
8BF4A28E43F6CF370D3EE1C2 = { isa = PBXFileReference; lastKnownFileType = sourcecode.swift; path = "Models.swift"; sourceTree = "<group>"; };
D1B1E93CC8825EE71A6BC9AF = { isa = PBXBuildFile; fileRef = 8BF4A28E43F6CF370D3EE1C2; };
5212CDCEC6D4958EC4A144FD = { isa = PBXFileReference; lastKnownFileType = sourcecode.swift; path = "PWAIcon.swift"; sourceTree = "<group>"; };
A9BA84A0BB5F9B5663752835 = { isa = PBXBuildFile; fileRef = 5212CDCEC6D4958EC4A144FD; };
04FBA989A30DA7AEE24614AC = { isa = PBXFileReference; lastKnownFileType = sourcecode.swift; path = "StationCard.swift"; sourceTree = "<group>"; };
829ADB44AA2B29FB47AE66EA = { isa = PBXBuildFile; fileRef = 04FBA989A30DA7AEE24614AC; };
819235513F3F2D6522BF28EE = { isa = PBXFileReference; lastKnownFileType = sourcecode.swift; path = "TransitStore.swift"; sourceTree = "<group>"; };
5A48B584C489E78CE9DFD988 = { isa = PBXBuildFile; fileRef = 819235513F3F2D6522BF28EE; };
3685E330EC5277A9DD5661C6 = { isa = PBXFileReference; lastKnownFileType = folder.assetcatalog; path = Assets.xcassets; sourceTree = "<group>"; };
CF8A4D27E1C506A7C75A76BE = { isa = PBXBuildFile; fileRef = 3685E330EC5277A9DD5661C6; };
59BD0A3FF43B32849B319E64 = { isa = PBXFileReference; lastKnownFileType = text.plist.xml; path = Info.plist; sourceTree = "<group>"; };
7D1043473D55BFA90E8530D3 = { isa = PBXFileReference; explicitFileType = wrapper.application; includeInIndex = 0; path = Elevators.app; sourceTree = BUILT_PRODUCTS_DIR; };
B7480EC88B7F22D0A4757273 = { isa = PBXFileReference; explicitFileType = wrapper.cfbundle; includeInIndex = 0; path = ElevatorsTests.xctest; sourceTree = BUILT_PRODUCTS_DIR; };
AEAE4B28CDFF08F590396BA5 = { isa = PBXFileReference; lastKnownFileType = sourcecode.swift; path = ElevatorsTests.swift; sourceTree = "<group>"; };
80FAC02A0BD5812E2A00F339 = { isa = PBXBuildFile; fileRef = AEAE4B28CDFF08F590396BA5; };
3A2A88DEEFF3D1D23E496597 = { isa = PBXGroup; children = (9727B9EED8ACD2EE46E136A0,D9050A49F210EE381C91CCFE,6BD37D4C5D77DE3244CFA9C5,8BF4A28E43F6CF370D3EE1C2,5212CDCEC6D4958EC4A144FD,04FBA989A30DA7AEE24614AC,819235513F3F2D6522BF28EE,3685E330EC5277A9DD5661C6,59BD0A3FF43B32849B319E64); path = "Elevators"; sourceTree = "<group>"; };
8B7A6DECC0651D269EA794C7 = { isa = PBXGroup; children = (AEAE4B28CDFF08F590396BA5); path = "ElevatorsTests"; sourceTree = "<group>"; };
FBDC4F23F93125BBEEAE800C = { isa = PBXGroup; children = (7D1043473D55BFA90E8530D3,B7480EC88B7F22D0A4757273); path = "Products"; sourceTree = "<group>"; };
B28B7AF69320201D1CF206EB = { isa = PBXGroup; children = (3A2A88DEEFF3D1D23E496597,8B7A6DECC0651D269EA794C7,FBDC4F23F93125BBEEAE800C); sourceTree = "<group>"; };
F27FEDE2220BCD326AEE3E86 = { isa = PBXSourcesBuildPhase; buildActionMask = 2147483647; files = (C0CCDAF105640EFC69D69F1F,0905ED5EC9748C10177138A6,5CB450F172C439B694D9FBC5,D1B1E93CC8825EE71A6BC9AF,A9BA84A0BB5F9B5663752835,829ADB44AA2B29FB47AE66EA,5A48B584C489E78CE9DFD988); runOnlyForDeploymentPostprocessing = 0; };
DEE1EBCD105D3D47ADF43ABA = { isa = PBXResourcesBuildPhase; buildActionMask = 2147483647; files = (CF8A4D27E1C506A7C75A76BE); runOnlyForDeploymentPostprocessing = 0; };
CEF439E78636CDAB99CD2923 = { isa = PBXFrameworksBuildPhase; buildActionMask = 2147483647; files = (); runOnlyForDeploymentPostprocessing = 0; };
0C6BC26BE02FFB22C6B55406 = { isa = PBXSourcesBuildPhase; buildActionMask = 2147483647; files = (80FAC02A0BD5812E2A00F339); runOnlyForDeploymentPostprocessing = 0; };
0C95987338968883E1ABFC84 = { isa = PBXResourcesBuildPhase; buildActionMask = 2147483647; files = (); runOnlyForDeploymentPostprocessing = 0; };
672FBA60B7590D80806F68C8 = { isa = PBXFrameworksBuildPhase; buildActionMask = 2147483647; files = (); runOnlyForDeploymentPostprocessing = 0; };
62F853339D0D10F1A61A1EFA = { isa = XCBuildConfiguration; buildSettings = {IPHONEOS_DEPLOYMENT_TARGET = "17.0"; SDKROOT = "iphoneos"; SWIFT_VERSION = "5.0"; CLANG_ENABLE_MODULES = "YES"; CLANG_ENABLE_OBJC_ARC = "YES"; GCC_C_LANGUAGE_STANDARD = "gnu17"; SUPPORTED_PLATFORMS = "iphoneos iphonesimulator"; SWIFT_STRICT_CONCURRENCY = "targeted"; SWIFT_OPTIMIZATION_LEVEL = "-Onone"; DEBUG_INFORMATION_FORMAT = "dwarf"; SWIFT_ACTIVE_COMPILATION_CONDITIONS = "DEBUG $(inherited)"; ENABLE_TESTABILITY = "YES";}; name = Debug; };
0DBF25066740E4B8CB8AB751 = { isa = XCBuildConfiguration; buildSettings = {IPHONEOS_DEPLOYMENT_TARGET = "17.0"; SDKROOT = "iphoneos"; SWIFT_VERSION = "5.0"; CLANG_ENABLE_MODULES = "YES"; CLANG_ENABLE_OBJC_ARC = "YES"; GCC_C_LANGUAGE_STANDARD = "gnu17"; SUPPORTED_PLATFORMS = "iphoneos iphonesimulator"; SWIFT_STRICT_CONCURRENCY = "targeted"; SWIFT_OPTIMIZATION_LEVEL = "-O"; DEBUG_INFORMATION_FORMAT = "dwarf-with-dsym";}; name = Release; };
BC7E287B75C6D3E574547D08 = { isa = XCConfigurationList; buildConfigurations = (62F853339D0D10F1A61A1EFA,0DBF25066740E4B8CB8AB751); defaultConfigurationIsVisible = 0; defaultConfigurationName = Release; };
1FA51788B7965A8459664B67 = { isa = XCBuildConfiguration; buildSettings = {PRODUCT_BUNDLE_IDENTIFIER = "com.jeshuasharkey.elevators"; PRODUCT_NAME = "$(TARGET_NAME)"; INFOPLIST_FILE = "Elevators/Info.plist"; GENERATE_INFOPLIST_FILE = "NO"; CODE_SIGN_STYLE = "Automatic"; TARGETED_DEVICE_FAMILY = "1"; ASSETCATALOG_COMPILER_APPICON_NAME = "AppIcon"; CURRENT_PROJECT_VERSION = "1"; VERSIONING_SYSTEM = "apple-generic"; MARKETING_VERSION = "1.0"; LD_RUNPATH_SEARCH_PATHS = "$(inherited) @executable_path/Frameworks"; SWIFT_OPTIMIZATION_LEVEL = "-Onone"; DEBUG_INFORMATION_FORMAT = "dwarf"; SWIFT_ACTIVE_COMPILATION_CONDITIONS = "DEBUG $(inherited)"; ENABLE_TESTABILITY = "YES";}; name = Debug; };
8AD3BB4A5DF33E553662F892 = { isa = XCBuildConfiguration; buildSettings = {PRODUCT_BUNDLE_IDENTIFIER = "com.jeshuasharkey.elevators"; PRODUCT_NAME = "$(TARGET_NAME)"; INFOPLIST_FILE = "Elevators/Info.plist"; GENERATE_INFOPLIST_FILE = "NO"; CODE_SIGN_STYLE = "Automatic"; TARGETED_DEVICE_FAMILY = "1"; ASSETCATALOG_COMPILER_APPICON_NAME = "AppIcon"; CURRENT_PROJECT_VERSION = "1"; VERSIONING_SYSTEM = "apple-generic"; MARKETING_VERSION = "1.0"; LD_RUNPATH_SEARCH_PATHS = "$(inherited) @executable_path/Frameworks"; SWIFT_OPTIMIZATION_LEVEL = "-O"; DEBUG_INFORMATION_FORMAT = "dwarf-with-dsym";}; name = Release; };
60EA43DB068BD71C9709BED5 = { isa = XCConfigurationList; buildConfigurations = (1FA51788B7965A8459664B67,8AD3BB4A5DF33E553662F892); defaultConfigurationIsVisible = 0; defaultConfigurationName = Release; };
70B865720C096A08C2902835 = { isa = XCBuildConfiguration; buildSettings = {PRODUCT_BUNDLE_IDENTIFIER = "com.jeshuasharkey.elevators.tests"; PRODUCT_NAME = "$(TARGET_NAME)"; GENERATE_INFOPLIST_FILE = "YES"; CODE_SIGN_STYLE = "Automatic"; TARGETED_DEVICE_FAMILY = "1"; TEST_HOST = "$(BUILT_PRODUCTS_DIR)/Elevators.app/Elevators"; BUNDLE_LOADER = "$(TEST_HOST)"; LD_RUNPATH_SEARCH_PATHS = "$(inherited) @executable_path/Frameworks @loader_path/Frameworks"; SWIFT_OPTIMIZATION_LEVEL = "-Onone"; DEBUG_INFORMATION_FORMAT = "dwarf"; SWIFT_ACTIVE_COMPILATION_CONDITIONS = "DEBUG $(inherited)"; ENABLE_TESTABILITY = "YES";}; name = Debug; };
6127AF7709DA468574447B77 = { isa = XCBuildConfiguration; buildSettings = {PRODUCT_BUNDLE_IDENTIFIER = "com.jeshuasharkey.elevators.tests"; PRODUCT_NAME = "$(TARGET_NAME)"; GENERATE_INFOPLIST_FILE = "YES"; CODE_SIGN_STYLE = "Automatic"; TARGETED_DEVICE_FAMILY = "1"; TEST_HOST = "$(BUILT_PRODUCTS_DIR)/Elevators.app/Elevators"; BUNDLE_LOADER = "$(TEST_HOST)"; LD_RUNPATH_SEARCH_PATHS = "$(inherited) @executable_path/Frameworks @loader_path/Frameworks"; SWIFT_OPTIMIZATION_LEVEL = "-O"; DEBUG_INFORMATION_FORMAT = "dwarf-with-dsym";}; name = Release; };
87F2532CB576F7CE6EB48F72 = { isa = XCConfigurationList; buildConfigurations = (70B865720C096A08C2902835,6127AF7709DA468574447B77); defaultConfigurationIsVisible = 0; defaultConfigurationName = Release; };
0E8A3AD980EC179856012B7E = { isa = PBXNativeTarget; buildConfigurationList = 60EA43DB068BD71C9709BED5; buildPhases = (F27FEDE2220BCD326AEE3E86,CEF439E78636CDAB99CD2923,DEE1EBCD105D3D47ADF43ABA); buildRules = (); dependencies = (); name = Elevators; productName = Elevators; productReference = 7D1043473D55BFA90E8530D3; productType = "com.apple.product-type.application"; };
D799BAE6088A90139B415FCC = { isa = PBXContainerItemProxy; containerPortal = 98F54143AB4E86B28C3AFEE0; proxyType = 1; remoteGlobalIDString = 0E8A3AD980EC179856012B7E; remoteInfo = Elevators; };
E9FAD0C6CD43534327C0AF90 = { isa = PBXTargetDependency; target = 0E8A3AD980EC179856012B7E; targetProxy = D799BAE6088A90139B415FCC; };
A1C04B2873E4BE2D5A687B4E = { isa = PBXNativeTarget; buildConfigurationList = 87F2532CB576F7CE6EB48F72; buildPhases = (0C6BC26BE02FFB22C6B55406,672FBA60B7590D80806F68C8,0C95987338968883E1ABFC84); buildRules = (); dependencies = (E9FAD0C6CD43534327C0AF90); name = ElevatorsTests; productName = ElevatorsTests; productReference = B7480EC88B7F22D0A4757273; productType = "com.apple.product-type.bundle.unit-test"; };
98F54143AB4E86B28C3AFEE0 = { isa = PBXProject; attributes = { BuildIndependentTargetsInParallel = YES; LastSwiftUpdateCheck = 1600; LastUpgradeCheck = 1600; TargetAttributes = { 0E8A3AD980EC179856012B7E = { CreatedOnToolsVersion = 16.0; }; A1C04B2873E4BE2D5A687B4E = { CreatedOnToolsVersion = 16.0; TestTargetID = 0E8A3AD980EC179856012B7E; }; }; }; buildConfigurationList = BC7E287B75C6D3E574547D08; compatibilityVersion = "Xcode 14.0"; developmentRegion = en; hasScannedForEncodings = 0; knownRegions = (en,Base); mainGroup = B28B7AF69320201D1CF206EB; productRefGroup = FBDC4F23F93125BBEEAE800C; projectDirPath = ""; projectRoot = ""; targets = (0E8A3AD980EC179856012B7E,A1C04B2873E4BE2D5A687B4E); };
}; rootObject = 98F54143AB4E86B28C3AFEE0; }
